// !$*UTF8*$!
{
	archiveVersion = 1;
	classes = {
	};
	objectVersion = 56;
	objects = {

/* Begin PBXBuildFile section */
		B8630FB62AD34E9300C97F73 /* AppDelegate.swift in Sources */ = {isa = PBXBuildFile; fileRef = B8630FB52AD34E9300C97F73 /* AppDelegate.swift */; };
		B8630FBF2AD34E9500C97F73 /* Assets.xcassets in Resources */ = {isa = PBXBuildFile; fileRef = B8630FBE2AD34E9500C97F73 /* Assets.xcassets */; };
		B8630FC22AD34E9500C97F73 /* LaunchScreen.storyboard in Resources */ = {isa = PBXBuildFile; fileRef = B8630FC02AD34E9500C97F73 /* LaunchScreen.storyboard */; };
		B8630FCC2AD3589300C97F73 /* SplashController.swift in Sources */ = {isa = PBXBuildFile; fileRef = B8630FCA2AD3589300C97F73 /* SplashController.swift */; };
		B8630FCD2AD3589300C97F73 /* SplashController.xib in Resources */ = {isa = PBXBuildFile; fileRef = B8630FCB2AD3589300C97F73 /* SplashController.xib */; };
		B8630FD52AD36A0B00C97F73 /* OnboardingController.swift in Sources */ = {isa = PBXBuildFile; fileRef = B8630FD32AD36A0B00C97F73 /* OnboardingController.swift */; };
		B8630FD62AD36A0B00C97F73 /* OnboardingController.xib in Resources */ = {isa = PBXBuildFile; fileRef = B8630FD42AD36A0B00C97F73 /* OnboardingController.xib */; };
		B8630FEA2AD4347800C97F73 /* Poppins-ExtraBoldItalic.ttf in Resources */ = {isa = PBXBuildFile; fileRef = B8630FD82AD4347500C97F73 /* Poppins-ExtraBoldItalic.ttf */; };
		B8630FEB2AD4347800C97F73 /* Poppins-BlackItalic.ttf in Resources */ = {isa = PBXBuildFile; fileRef = B8630FD92AD4347600C97F73 /* Poppins-BlackItalic.ttf */; };
		B8630FEC2AD4347800C97F73 /* Poppins-ExtraBold.ttf in Resources */ = {isa = PBXBuildFile; fileRef = B8630FDA2AD4347600C97F73 /* Poppins-ExtraBold.ttf */; };
		B8630FED2AD4347800C97F73 /* Poppins-ThinItalic.ttf in Resources */ = {isa = PBXBuildFile; fileRef = B8630FDB2AD4347600C97F73 /* Poppins-ThinItalic.ttf */; };
		B8630FEE2AD4347800C97F73 /* Poppins-Italic.ttf in Resources */ = {isa = PBXBuildFile; fileRef = B8630FDC2AD4347600C97F73 /* Poppins-Italic.ttf */; };
		B8630FEF2AD4347800C97F73 /* Poppins-ExtraLightItalic.ttf in Resources */ = {isa = PBXBuildFile; fileRef = B8630FDD2AD4347600C97F73 /* Poppins-ExtraLightItalic.ttf */; };
		B8630FF02AD4347800C97F73 /* Poppins-Medium.ttf in Resources */ = {isa = PBXBuildFile; fileRef = B8630FDE2AD4347600C97F73 /* Poppins-Medium.ttf */; };
		B8630FF12AD4347800C97F73 /* Poppins-BoldItalic.ttf in Resources */ = {isa = PBXBuildFile; fileRef = B8630FDF2AD4347600C97F73 /* Poppins-BoldItalic.ttf */; };
		B8630FF22AD4347800C97F73 /* Poppins-ExtraLight.ttf in Resources */ = {isa = PBXBuildFile; fileRef = B8630FE02AD4347600C97F73 /* Poppins-ExtraLight.ttf */; };
		B8630FF32AD4347800C97F73 /* Poppins-Bold.ttf in Resources */ = {isa = PBXBuildFile; fileRef = B8630FE12AD4347700C97F73 /* Poppins-Bold.ttf */; };
		B8630FF42AD4347800C97F73 /* Poppins-SemiBold.ttf in Resources */ = {isa = PBXBuildFile; fileRef = B8630FE22AD4347700C97F73 /* Poppins-SemiBold.ttf */; };
		B8630FF52AD4347800C97F73 /* Poppins-MediumItalic.ttf in Resources */ = {isa = PBXBuildFile; fileRef = B8630FE32AD4347700C97F73 /* Poppins-MediumItalic.ttf */; };
		B8630FF62AD4347800C97F73 /* Poppins-SemiBoldItalic.ttf in Resources */ = {isa = PBXBuildFile; fileRef = B8630FE42AD4347700C97F73 /* Poppins-SemiBoldItalic.ttf */; };
		B8630FF72AD4347800C97F73 /* Poppins-Black.ttf in Resources */ = {isa = PBXBuildFile; fileRef = B8630FE52AD4347700C97F73 /* Poppins-Black.ttf */; };
		B8630FF82AD4347800C97F73 /* Poppins-Regular.ttf in Resources */ = {isa = PBXBuildFile; fileRef = B8630FE62AD4347700C97F73 /* Poppins-Regular.ttf */; };
		B8630FF92AD4347800C97F73 /* Poppins-Light.ttf in Resources */ = {isa = PBXBuildFile; fileRef = B8630FE72AD4347800C97F73 /* Poppins-Light.ttf */; };
		B8630FFA2AD4347800C97F73 /* Poppins-Thin.ttf in Resources */ = {isa = PBXBuildFile; fileRef = B8630FE82AD4347800C97F73 /* Poppins-Thin.ttf */; };
		B8630FFB2AD4347800C97F73 /* Poppins-LightItalic.ttf in Resources */ = {isa = PBXBuildFile; fileRef = B8630FE92AD4347800C97F73 /* Poppins-LightItalic.ttf */; };
		B8630FFE2AD435C900C97F73 /* UIView+Ext.swift in Sources */ = {isa = PBXBuildFile; fileRef = B8630FFD2AD435C900C97F73 /* UIView+Ext.swift */; };
		B86310042AD854D100C97F73 /* UIColor+Ext.swift in Sources */ = {isa = PBXBuildFile; fileRef = B86310032AD854D100C97F73 /* UIColor+Ext.swift */; };
		B86310072AD85C9800C97F73 /* OnboardingSlide.swift in Sources */ = {isa = PBXBuildFile; fileRef = B86310062AD85C9800C97F73 /* OnboardingSlide.swift */; };
		B863100D2AD8608500C97F73 /* OnboardingCell.swift in Sources */ = {isa = PBXBuildFile; fileRef = B863100B2AD8608500C97F73 /* OnboardingCell.swift */; };
		B863100E2AD8608500C97F73 /* OnboardingCell.xib in Resources */ = {isa = PBXBuildFile; fileRef = B863100C2AD8608500C97F73 /* OnboardingCell.xib */; };
		B86310102AD8661B00C97F73 /* NSObject+Ext.swift in Sources */ = {isa = PBXBuildFile; fileRef = B863100F2AD8661B00C97F73 /* NSObject+Ext.swift */; };
		B86310142AD86C1C00C97F73 /* LoginController.swift in Sources */ = {isa = PBXBuildFile; fileRef = B86310122AD86C1C00C97F73 /* LoginController.swift */; };
		B86310152AD86C1C00C97F73 /* LoginController.xib in Resources */ = {isa = PBXBuildFile; fileRef = B86310132AD86C1C00C97F73 /* LoginController.xib */; };
		B86310172ADA1B0300C97F73 /* UserDefaults+Ext.swift in Sources */ = {isa = PBXBuildFile; fileRef = B86310162ADA1B0300C97F73 /* UserDefaults+Ext.swift */; };
		B88F6B492ADAE9C300DD5596 /* HTTPMethod.swift in Sources */ = {isa = PBXBuildFile; fileRef = B88F6B482ADAE9C300DD5596 /* HTTPMethod.swift */; };
		B88F6B4B2ADAE9E800DD5596 /* NetworkService.swift in Sources */ = {isa = PBXBuildFile; fileRef = B88F6B4A2ADAE9E800DD5596 /* NetworkService.swift */; };
		B88F6B4D2ADAE9FA00DD5596 /* Router.swift in Sources */ = {isa = PBXBuildFile; fileRef = B88F6B4C2ADAE9FA00DD5596 /* Router.swift */; };
		B88F6B502ADAEA4800DD5596 /* Alamofire in Frameworks */ = {isa = PBXBuildFile; productRef = B88F6B4F2ADAEA4800DD5596 /* Alamofire */; };
/* End PBXBuildFile section */

/* Begin PBXFileReference section */
		B8630FB22AD34E9300C97F73 /* GorilMarket.app */ = {isa = PBXFileReference; explicitFileType = wrapper.application; includeInIndex = 0; path = GorilMarket.app; sourceTree = BUILT_PRODUCTS_DIR; };
		B8630FB52AD34E9300C97F73 /* AppDelegate.swift */ = {isa = PBXFileReference; lastKnownFileType = sourcecode.swift; path = AppDelegate.swift; sourceTree = "<group>"; };
		B8630FBE2AD34E9500C97F73 /* Assets.xcassets */ = {isa = PBXFileReference; lastKnownFileType = folder.assetcatalog; path = Assets.xcassets; sourceTree = "<group>"; };
		B8630FC12AD34E9500C97F73 /* Base */ = {isa = PBXFileReference; lastKnownFileType = file.storyboard; name = Base; path = Base.lproj/LaunchScreen.storyboard; sourceTree = "<group>"; };
		B8630FC32AD34E9500C97F73 /* Info.plist */ = {isa = PBXFileReference; lastKnownFileType = text.plist.xml; path = Info.plist; sourceTree = "<group>"; };
		B8630FCA2AD3589300C97F73 /* SplashController.swift */ = {isa = PBXFileReference; lastKnownFileType = sourcecode.swift; path = SplashController.swift; sourceTree = "<group>"; };
		B8630FCB2AD3589300C97F73 /* SplashController.xib */ = {isa = PBXFileReference; lastKnownFileType = file.xib; path = SplashController.xib; sourceTree = "<group>"; };
		B8630FD32AD36A0B00C97F73 /* OnboardingController.swift */ = {isa = PBXFileReference; lastKnownFileType = sourcecode.swift; path = OnboardingController.swift; sourceTree = "<group>"; };
		B8630FD42AD36A0B00C97F73 /* OnboardingController.xib */ = {isa = PBXFileReference; lastKnownFileType = file.xib; path = OnboardingController.xib; sourceTree = "<group>"; };
		B8630FD82AD4347500C97F73 /* Poppins-ExtraBoldItalic.ttf */ = {isa = PBXFileReference; lastKnownFileType = file; path = "Poppins-ExtraBoldItalic.ttf"; sourceTree = "<group>"; };
		B8630FD92AD4347600C97F73 /* Poppins-BlackItalic.ttf */ = {isa = PBXFileReference; lastKnownFileType = file; path = "Poppins-BlackItalic.ttf"; sourceTree = "<group>"; };
		B8630FDA2AD4347600C97F73 /* Poppins-ExtraBold.ttf */ = {isa = PBXFileReference; lastKnownFileType = file; path = "Poppins-ExtraBold.ttf"; sourceTree = "<group>"; };
		B8630FDB2AD4347600C97F73 /* Poppins-ThinItalic.ttf */ = {isa = PBXFileReference; lastKnownFileType = file; path = "Poppins-ThinItalic.ttf"; sourceTree = "<group>"; };
		B8630FDC2AD4347600C97F73 /* Poppins-Italic.ttf */ = {isa = PBXFileReference; lastKnownFileType = file; path = "Poppins-Italic.ttf"; sourceTree = "<group>"; };
		B8630FDD2AD4347600C97F73 /* Poppins-ExtraLightItalic.ttf */ = {isa = PBXFileReference; lastKnownFileType = file; path = "Poppins-ExtraLightItalic.ttf"; sourceTree = "<group>"; };
		B8630FDE2AD4347600C97F73 /* Poppins-Medium.ttf */ = {isa = PBXFileReference; lastKnownFileType = file; path = "Poppins-Medium.ttf"; sourceTree = "<group>"; };
		B8630FDF2AD4347600C97F73 /* Poppins-BoldItalic.ttf */ = {isa = PBXFileReference; lastKnownFileType = file; path = "Poppins-BoldItalic.ttf"; sourceTree = "<group>"; };
		B8630FE02AD4347600C97F73 /* Poppins-ExtraLight.ttf */ = {isa = PBXFileReference; lastKnownFileType = file; path = "Poppins-ExtraLight.ttf"; sourceTree = "<group>"; };
		B8630FE12AD4347700C97F73 /* Poppins-Bold.ttf */ = {isa = PBXFileReference; lastKnownFileType = file; path = "Poppins-Bold.ttf"; sourceTree = "<group>"; };
		B8630FE22AD4347700C97F73 /* Poppins-SemiBold.ttf */ = {isa = PBXFileReference; lastKnownFileType = file; path = "Poppins-SemiBold.ttf"; sourceTree = "<group>"; };
		B8630FE32AD4347700C97F73 /* Poppins-MediumItalic.ttf */ = {isa = PBXFileReference; lastKnownFileType = file; path = "Poppins-MediumItalic.ttf"; sourceTree = "<group>"; };
		B8630FE42AD4347700C97F73 /* Poppins-SemiBoldItalic.ttf */ = {isa = PBXFileReference; lastKnownFileType = file; path = "Poppins-SemiBoldItalic.ttf"; sourceTree = "<group>"; };
		B8630FE52AD4347700C97F73 /* Poppins-Black.ttf */ = {isa = PBXFileReference; lastKnownFileType = file; path = "Poppins-Black.ttf"; sourceTree = "<group>"; };
		B8630FE62AD4347700C97F73 /* Poppins-Regular.ttf */ = {isa = PBXFileReference; lastKnownFileType = file; path = "Poppins-Regular.ttf"; sourceTree = "<group>"; };
		B8630FE72AD4347800C97F73 /* Poppins-Light.ttf */ = {isa = PBXFileReference; lastKnownFileType = file; path = "Poppins-Light.ttf"; sourceTree = "<group>"; };
		B8630FE82AD4347800C97F73 /* Poppins-Thin.ttf */ = {isa = PBXFileReference; lastKnownFileType = file; path = "Poppins-Thin.ttf"; sourceTree = "<group>"; };
		B8630FE92AD4347800C97F73 /* Poppins-LightItalic.ttf */ = {isa = PBXFileReference; lastKnownFileType = file; path = "Poppins-LightItalic.ttf"; sourceTree = "<group>"; };
		B8630FFD2AD435C900C97F73 /* UIView+Ext.swift */ = {isa = PBXFileReference; lastKnownFileType = sourcecode.swift; path = "UIView+Ext.swift"; sourceTree = "<group>"; };
		B86310032AD854D100C97F73 /* UIColor+Ext.swift */ = {isa = PBXFileReference; lastKnownFileType = sourcecode.swift; path = "UIColor+Ext.swift"; sourceTree = "<group>"; };
		B86310062AD85C9800C97F73 /* OnboardingSlide.swift */ = {isa = PBXFileReference; lastKnownFileType = sourcecode.swift; path = OnboardingSlide.swift; sourceTree = "<group>"; };
		B863100B2AD8608500C97F73 /* OnboardingCell.swift */ = {isa = PBXFileReference; lastKnownFileType = sourcecode.swift; path = OnboardingCell.swift; sourceTree = "<group>"; };
		B863100C2AD8608500C97F73 /* OnboardingCell.xib */ = {isa = PBXFileReference; lastKnownFileType = file.xib; path = OnboardingCell.xib; sourceTree = "<group>"; };
		B863100F2AD8661B00C97F73 /* NSObject+Ext.swift */ = {isa = PBXFileReference; lastKnownFileType = sourcecode.swift; path = "NSObject+Ext.swift"; sourceTree = "<group>"; };
		B86310122AD86C1C00C97F73 /* LoginController.swift */ = {isa = PBXFileReference; lastKnownFileType = sourcecode.swift; path = LoginController.swift; sourceTree = "<group>"; };
		B86310132AD86C1C00C97F73 /* LoginController.xib */ = {isa = PBXFileReference; lastKnownFileType = file.xib; path = LoginController.xib; sourceTree = "<group>"; };
		B86310162ADA1B0300C97F73 /* UserDefaults+Ext.swift */ = {isa = PBXFileReference; lastKnownFileType = sourcecode.swift; path = "UserDefaults+Ext.swift"; sourceTree = "<group>"; };
		B88F6B482ADAE9C300DD5596 /* HTTPMethod.swift */ = {isa = PBXFileReference; lastKnownFileType = sourcecode.swift; path = HTTPMethod.swift; sourceTree = "<group>"; };
		B88F6B4A2ADAE9E800DD5596 /* NetworkService.swift */ = {isa = PBXFileReference; lastKnownFileType = sourcecode.swift; path = NetworkService.swift; sourceTree = "<group>"; };
		B88F6B4C2ADAE9FA00DD5596 /* Router.swift */ = {isa = PBXFileReference; lastKnownFileType = sourcecode.swift; path = Router.swift; sourceTree = "<group>"; };
/* End PBXFileReference section */

/* Begin PBXFrameworksBuildPhase section */
		B8630FAF2AD34E9300C97F73 /* Frameworks */ = {
			isa = PBXFrameworksBuildPhase;
			buildActionMask = 2147483647;
			files = (
				B88F6B502ADAEA4800DD5596 /* Alamofire in Frameworks */,
			);
			runOnlyForDeploymentPostprocessing = 0;
		};
/* End PBXFrameworksBuildPhase section */

/* Begin PBXGroup section */
		B8630FA92AD34E9300C97F73 = {
			isa = PBXGroup;
			children = (
				B8630FB42AD34E9300C97F73 /* GorilMarket */,
				B8630FB32AD34E9300C97F73 /* Products */,
			);
			sourceTree = "<group>";
		};
		B8630FB32AD34E9300C97F73 /* Products */ = {
			isa = PBXGroup;
			children = (
				B8630FB22AD34E9300C97F73 /* GorilMarket.app */,
			);
			name = Products;
			sourceTree = "<group>";
		};
		B8630FB42AD34E9300C97F73 /* GorilMarket */ = {
			isa = PBXGroup;
			children = (
				B88F6B472ADAE9B100DD5596 /* Service */,
				B8630FFC2AD435B100C97F73 /* Extension */,
				B8630FD12AD361AB00C97F73 /* Modules */,
				B8630FD02AD3619700C97F73 /* Resources */,
				B8630FCF2AD3619000C97F73 /* App */,
				B8630FCE2AD3618200C97F73 /* Storyboard */,
				B8630FC32AD34E9500C97F73 /* Info.plist */,
			);
			path = GorilMarket;
			sourceTree = "<group>";
		};
		B8630FC92AD3587800C97F73 /* Splash */ = {
			isa = PBXGroup;
			children = (
				B8630FCA2AD3589300C97F73 /* SplashController.swift */,
				B8630FCB2AD3589300C97F73 /* SplashController.xib */,
			);
			path = Splash;
			sourceTree = "<group>";
		};
		B8630FCE2AD3618200C97F73 /* Storyboard */ = {
			isa = PBXGroup;
			children = (
				B8630FC02AD34E9500C97F73 /* LaunchScreen.storyboard */,
			);
			path = Storyboard;
			sourceTree = "<group>";
		};
		B8630FCF2AD3619000C97F73 /* App */ = {
			isa = PBXGroup;
			children = (
				B8630FB52AD34E9300C97F73 /* AppDelegate.swift */,
			);
			path = App;
			sourceTree = "<group>";
		};
		B8630FD02AD3619700C97F73 /* Resources */ = {
			isa = PBXGroup;
			children = (
				B8630FD72AD4342B00C97F73 /* Fonts */,
				B8630FBE2AD34E9500C97F73 /* Assets.xcassets */,
			);
			path = Resources;
			sourceTree = "<group>";
		};
		B8630FD12AD361AB00C97F73 /* Modules */ = {
			isa = PBXGroup;
			children = (
				B86310112AD8668C00C97F73 /* Login */,
				B8630FD22AD369F200C97F73 /* Onboarding */,
				B8630FC92AD3587800C97F73 /* Splash */,
			);
			path = Modules;
			sourceTree = "<group>";
		};
		B8630FD22AD369F200C97F73 /* Onboarding */ = {
			isa = PBXGroup;
			children = (
				B86310052AD85C8B00C97F73 /* Models */,
				B86310092AD8605600C97F73 /* View */,
				B86310082AD8604900C97F73 /* Controller */,
			);
			path = Onboarding;
			sourceTree = "<group>";
		};
		B8630FD72AD4342B00C97F73 /* Fonts */ = {
			isa = PBXGroup;
			children = (
				B8630FE52AD4347700C97F73 /* Poppins-Black.ttf */,
				B8630FD92AD4347600C97F73 /* Poppins-BlackItalic.ttf */,
				B8630FE12AD4347700C97F73 /* Poppins-Bold.ttf */,
				B8630FDF2AD4347600C97F73 /* Poppins-BoldItalic.ttf */,
				B8630FDA2AD4347600C97F73 /* Poppins-ExtraBold.ttf */,
				B8630FD82AD4347500C97F73 /* Poppins-ExtraBoldItalic.ttf */,
				B8630FE02AD4347600C97F73 /* Poppins-ExtraLight.ttf */,
				B8630FDD2AD4347600C97F73 /* Poppins-ExtraLightItalic.ttf */,
				B8630FDC2AD4347600C97F73 /* Poppins-Italic.ttf */,
				B8630FE72AD4347800C97F73 /* Poppins-Light.ttf */,
				B8630FE92AD4347800C97F73 /* Poppins-LightItalic.ttf */,
				B8630FDE2AD4347600C97F73 /* Poppins-Medium.ttf */,
				B8630FE32AD4347700C97F73 /* Poppins-MediumItalic.ttf */,
				B8630FE62AD4347700C97F73 /* Poppins-Regular.ttf */,
				B8630FE22AD4347700C97F73 /* Poppins-SemiBold.ttf */,
				B8630FE42AD4347700C97F73 /* Poppins-SemiBoldItalic.ttf */,
				B8630FE82AD4347800C97F73 /* Poppins-Thin.ttf */,
				B8630FDB2AD4347600C97F73 /* Poppins-ThinItalic.ttf */,
			);
			path = Fonts;
			sourceTree = "<group>";
		};
		B8630FFC2AD435B100C97F73 /* Extension */ = {
			isa = PBXGroup;
			children = (
				B8630FFD2AD435C900C97F73 /* UIView+Ext.swift */,
				B86310032AD854D100C97F73 /* UIColor+Ext.swift */,
				B863100F2AD8661B00C97F73 /* NSObject+Ext.swift */,
				B86310162ADA1B0300C97F73 /* UserDefaults+Ext.swift */,
			);
			path = Extension;
			sourceTree = "<group>";
		};
		B86310052AD85C8B00C97F73 /* Models */ = {
			isa = PBXGroup;
			children = (
				B86310062AD85C9800C97F73 /* OnboardingSlide.swift */,
			);
			path = Models;
			sourceTree = "<group>";
		};
		B86310082AD8604900C97F73 /* Controller */ = {
			isa = PBXGroup;
			children = (
				B8630FD32AD36A0B00C97F73 /* OnboardingController.swift */,
				B8630FD42AD36A0B00C97F73 /* OnboardingController.xib */,
			);
			path = Controller;
			sourceTree = "<group>";
		};
		B86310092AD8605600C97F73 /* View */ = {
			isa = PBXGroup;
			children = (
				B863100A2AD8606800C97F73 /* Cell */,
			);
			path = View;
			sourceTree = "<group>";
		};
		B863100A2AD8606800C97F73 /* Cell */ = {
			isa = PBXGroup;
			children = (
				B863100B2AD8608500C97F73 /* OnboardingCell.swift */,
				B863100C2AD8608500C97F73 /* OnboardingCell.xib */,
			);
			path = Cell;
			sourceTree = "<group>";
		};
		B86310112AD8668C00C97F73 /* Login */ = {
			isa = PBXGroup;
			children = (
				B86310122AD86C1C00C97F73 /* LoginController.swift */,
				B86310132AD86C1C00C97F73 /* LoginController.xib */,
			);
			path = Login;
			sourceTree = "<group>";
		};
		B88F6B472ADAE9B100DD5596 /* Service */ = {
			isa = PBXGroup;
			children = (
				B88F6B482ADAE9C300DD5596 /* HTTPMethod.swift */,
				B88F6B4A2ADAE9E800DD5596 /* NetworkService.swift */,
				B88F6B4C2ADAE9FA00DD5596 /* Router.swift */,
			);
			path = Service;
			sourceTree = "<group>";
		};
/* End PBXGroup section */

/* Begin PBXNativeTarget section */
		B8630FB12AD34E9300C97F73 /* GorilMarket */ = {
			isa = PBXNativeTarget;
			buildConfigurationList = B8630FC62AD34E9500C97F73 /* Build configuration list for PBXNativeTarget "GorilMarket" */;
			buildPhases = (
				B8630FAE2AD34E9300C97F73 /* Sources */,
				B8630FAF2AD34E9300C97F73 /* Frameworks */,
				B8630FB02AD34E9300C97F73 /* Resources */,
			);
			buildRules = (
			);
			dependencies = (
			);
			name = GorilMarket;
			packageProductDependencies = (
				B88F6B4F2ADAEA4800DD5596 /* Alamofire */,
			);
			productName = GorilMarket;
			productReference = B8630FB22AD34E9300C97F73 /* GorilMarket.app */;
			productType = "com.apple.product-type.application";
		};
/* End PBXNativeTarget section */

/* Begin PBXProject section */
		B8630FAA2AD34E9300C97F73 /* Project object */ = {
			isa = PBXProject;
			attributes = {
				BuildIndependentTargetsInParallel = 1;
				LastSwiftUpdateCheck = 1400;
				LastUpgradeCheck = 1400;
				TargetAttributes = {
					B8630FB12AD34E9300C97F73 = {
						CreatedOnToolsVersion = 14.0.1;
					};
				};
			};
			buildConfigurationList = B8630FAD2AD34E9300C97F73 /* Build configuration list for PBXProject "GorilMarket" */;
			compatibilityVersion = "Xcode 14.0";
			developmentRegion = en;
			hasScannedForEncodings = 0;
			knownRegions = (
				en,
				Base,
			);
			mainGroup = B8630FA92AD34E9300C97F73;
			packageReferences = (
				B88F6B4E2ADAEA4800DD5596 /* XCRemoteSwiftPackageReference "Alamofire" */,
			);
			productRefGroup = B8630FB32AD34E9300C97F73 /* Products */;
			projectDirPath = "";
			projectRoot = "";
			targets = (
				B8630FB12AD34E9300C97F73 /* GorilMarket */,
			);
		};
/* End PBXProject section */

/* Begin PBXResourcesBuildPhase section */
		B8630FB02AD34E9300C97F73 /* Resources */ = {
			isa = PBXResourcesBuildPhase;
			buildActionMask = 2147483647;
			files = (
				B8630FF42AD4347800C97F73 /* Poppins-SemiBold.ttf in Resources */,
				B86310152AD86C1C00C97F73 /* LoginController.xib in Resources */,
				B8630FF52AD4347800C97F73 /* Poppins-MediumItalic.ttf in Resources */,
				B8630FD62AD36A0B00C97F73 /* OnboardingController.xib in Resources */,
				B8630FED2AD4347800C97F73 /* Poppins-ThinItalic.ttf in Resources */,
				B8630FF62AD4347800C97F73 /* Poppins-SemiBoldItalic.ttf in Resources */,
				B863100E2AD8608500C97F73 /* OnboardingCell.xib in Resources */,
				B8630FF02AD4347800C97F73 /* Poppins-Medium.ttf in Resources */,
				B8630FF72AD4347800C97F73 /* Poppins-Black.ttf in Resources */,
				B8630FF12AD4347800C97F73 /* Poppins-BoldItalic.ttf in Resources */,
				B8630FEF2AD4347800C97F73 /* Poppins-ExtraLightItalic.ttf in Resources */,
				B8630FCD2AD3589300C97F73 /* SplashController.xib in Resources */,
				B8630FEE2AD4347800C97F73 /* Poppins-Italic.ttf in Resources */,
				B8630FF92AD4347800C97F73 /* Poppins-Light.ttf in Resources */,
				B8630FC22AD34E9500C97F73 /* LaunchScreen.storyboard in Resources */,
				B8630FEC2AD4347800C97F73 /* Poppins-ExtraBold.ttf in Resources */,
				B8630FF32AD4347800C97F73 /* Poppins-Bold.ttf in Resources */,
				B8630FFA2AD4347800C97F73 /* Poppins-Thin.ttf in Resources */,
				B8630FBF2AD34E9500C97F73 /* Assets.xcassets in Resources */,
				B8630FEB2AD4347800C97F73 /* Poppins-BlackItalic.ttf in Resources */,
				B8630FEA2AD4347800C97F73 /* Poppins-ExtraBoldItalic.ttf in Resources */,
				B8630FF82AD4347800C97F73 /* Poppins-Regular.ttf in Resources */,
				B8630FF22AD4347800C97F73 /* Poppins-ExtraLight.ttf in Resources */,
				B8630FFB2AD4347800C97F73 /* Poppins-LightItalic.ttf in Resources */,
			);
			runOnlyForDeploymentPostprocessing = 0;
		};
/* End PBXResourcesBuildPhase section */

/* Begin PBXSourcesBuildPhase section */
		B8630FAE2AD34E9300C97F73 /* Sources */ = {
			isa = PBXSourcesBuildPhase;
			buildActionMask = 2147483647;
			files = (
				B86310072AD85C9800C97F73 /* OnboardingSlide.swift in Sources */,
				B86310102AD8661B00C97F73 /* NSObject+Ext.swift in Sources */,
				B863100D2AD8608500C97F73 /* OnboardingCell.swift in Sources */,
				B88F6B492ADAE9C300DD5596 /* HTTPMethod.swift in Sources */,
				B8630FFE2AD435C900C97F73 /* UIView+Ext.swift in Sources */,
				B86310142AD86C1C00C97F73 /* LoginController.swift in Sources */,
				B8630FCC2AD3589300C97F73 /* SplashController.swift in Sources */,
				B86310042AD854D100C97F73 /* UIColor+Ext.swift in Sources */,
				B8630FB62AD34E9300C97F73 /* AppDelegate.swift in Sources */,
				B86310172ADA1B0300C97F73 /* UserDefaults+Ext.swift in Sources */,
				B88F6B4B2ADAE9E800DD5596 /* NetworkService.swift in Sources */,
				B8630FD52AD36A0B00C97F73 /* OnboardingController.swift in Sources */,
				B88F6B4D2ADAE9FA00DD5596 /* Router.swift in Sources */,
			);
			runOnlyForDeploymentPostprocessing = 0;
		};
/* End PBXSourcesBuildPhase section */

/* Begin PBXVariantGroup section */
		B8630FC02AD34E9500C97F73 /* LaunchScreen.storyboard */ = {
			isa = PBXVariantGroup;
			children = (
				B8630FC12AD34E9500C97F73 /* Base */,
			);
			name = LaunchScreen.storyboard;
			sourceTree = "<group>";
		};
/* End PBXVariantGroup section */

/* Begin XCBuildConfiguration section */
		B8630FC42AD34E9500C97F73 /* Debug */ = {
			isa = XCBuildConfiguration;
			buildSettings = {
				ALWAYS_SEARCH_USER_PATHS = NO;
				CLANG_ANALYZER_NONNULL = YES;
				CLANG_ANALYZER_NUMBER_OBJECT_CONVERSION = YES_AGGRESSIVE;
				CLANG_CXX_LANGUAGE_STANDARD = "gnu++20";
				CLANG_ENABLE_MODULES = YES;
				CLANG_ENABLE_OBJC_ARC = YES;
				CLANG_ENABLE_OBJC_WEAK = YES;
				CLANG_WARN_BLOCK_CAPTURE_AUTORELEASING = YES;
				CLANG_WARN_BOOL_CONVERSION = YES;
				CLANG_WARN_COMMA = YES;
				CLANG_WARN_CONSTANT_CONVERSION = YES;
				CLANG_WARN_DEPRECATED_OBJC_IMPLEMENTATIONS = YES;
				CLANG_WARN_DIRECT_OBJC_ISA_USAGE = YES_ERROR;
				CLANG_WARN_DOCUMENTATION_COMMENTS = YES;
				CLANG_WARN_EMPTY_BODY = YES;
				CLANG_WARN_ENUM_CONVERSION = YES;
				CLANG_WARN_INFINITE_RECURSION = YES;
				CLANG_WARN_INT_CONVERSION = YES;
				CLANG_WARN_NON_LITERAL_NULL_CONVERSION = YES;
				CLANG_WARN_OBJC_IMPLICIT_RETAIN_SELF = YES;
				CLANG_WARN_OBJC_LITERAL_CONVERSION = YES;
				CLANG_WARN_OBJC_ROOT_CLASS = YES_ERROR;
				CLANG_WARN_QUOTED_INCLUDE_IN_FRAMEWORK_HEADER = YES;
				CLANG_WARN_RANGE_LOOP_ANALYSIS = YES;
				CLANG_WARN_STRICT_PROTOTYPES = YES;
				CLANG_WARN_SUSPICIOUS_MOVE = YES;
				CLANG_WARN_UNGUARDED_AVAILABILITY = YES_AGGRESSIVE;
				CLANG_WARN_UNREACHABLE_CODE = YES;
				CLANG_WARN__DUPLICATE_METHOD_MATCH = YES;
				COPY_PHASE_STRIP = NO;
				DEBUG_INFORMATION_FORMAT = dwarf;
				ENABLE_STRICT_OBJC_MSGSEND = YES;
				ENABLE_TESTABILITY = YES;
				GCC_C_LANGUAGE_STANDARD = gnu11;
				GCC_DYNAMIC_NO_PIC = NO;
				GCC_NO_COMMON_BLOCKS = YES;
				GCC_OPTIMIZATION_LEVEL = 0;
				GCC_PREPROCESSOR_DEFINITIONS = (
					"DEBUG=1",
					"$(inherited)",
				);
				GCC_WARN_64_TO_32_BIT_CONVERSION = YES;
				GCC_WARN_ABOUT_RETURN_TYPE = YES_ERROR;
				GCC_WARN_UNDECLARED_SELECTOR = YES;
				GCC_WARN_UNINITIALIZED_AUTOS = YES_AGGRESSIVE;
				GCC_WARN_UNUSED_FUNCTION = YES;
				GCC_WARN_UNUSED_VARIABLE = YES;
				IPHONEOS_DEPLOYMENT_TARGET = 16.0;
				MTL_ENABLE_DEBUG_INFO = INCLUDE_SOURCE;
				MTL_FAST_MATH = YES;
				ONLY_ACTIVE_ARCH = YES;
				SDKROOT = iphoneos;
				SWIFT_ACTIVE_COMPILATION_CONDITIONS = DEBUG;
				SWIFT_OPTIMIZATION_LEVEL = "-Onone";
			};
			name = Debug;
		};
		B8630FC52AD34E9500C97F73 /* Release */ = {
			isa = XCBuildConfiguration;
			buildSettings = {
				ALWAYS_SEARCH_USER_PATHS = NO;
				CLANG_ANALYZER_NONNULL = YES;
				CLANG_ANALYZER_NUMBER_OBJECT_CONVERSION = YES_AGGRESSIVE;
				CLANG_CXX_LANGUAGE_STANDARD = "gnu++20";
				CLANG_ENABLE_MODULES = YES;
				CLANG_ENABLE_OBJC_ARC = YES;
				CLANG_ENABLE_OBJC_WEAK = YES;
				CLANG_WARN_BLOCK_CAPTURE_AUTORELEASING = YES;
				CLANG_WARN_BOOL_CONVERSION = YES;
				CLANG_WARN_COMMA = YES;
				CLANG_WARN_CONSTANT_CONVERSION = YES;
				CLANG_WARN_DEPRECATED_OBJC_IMPLEMENTATIONS = YES;
				CLANG_WARN_DIRECT_OBJC_ISA_USAGE = YES_ERROR;
				CLANG_WARN_DOCUMENTATION_COMMENTS = YES;
				CLANG_WARN_EMPTY_BODY = YES;
				CLANG_WARN_ENUM_CONVERSION = YES;
				CLANG_WARN_INFINITE_RECURSION = YES;
				CLANG_WARN_INT_CONVERSION = YES;
				CLANG_WARN_NON_LITERAL_NULL_CONVERSION = YES;
				CLANG_WARN_OBJC_IMPLICIT_RETAIN_SELF = YES;
				CLANG_WARN_OBJC_LITERAL_CONVERSION = YES;
				CLANG_WARN_OBJC_ROOT_CLASS = YES_ERROR;
				CLANG_WARN_QUOTED_INCLUDE_IN_FRAMEWORK_HEADER = YES;
				CLANG_WARN_RANGE_LOOP_ANALYSIS = YES;
				CLANG_WARN_STRICT_PROTOTYPES = YES;
				CLANG_WARN_SUSPICIOUS_MOVE = YES;
				CLANG_WARN_UNGUARDED_AVAILABILITY = YES_AGGRESSIVE;
				CLANG_WARN_UNREACHABLE_CODE = YES;
				CLANG_WARN__DUPLICATE_METHOD_MATCH = YES;
				COPY_PHASE_STRIP = NO;
				DEBUG_INFORMATION_FORMAT = "dwarf-with-dsym";
				ENABLE_NS_ASSERTIONS = NO;
				ENABLE_STRICT_OBJC_MSGSEND = YES;
				GCC_C_LANGUAGE_STANDARD = gnu11;
				GCC_NO_COMMON_BLOCKS = YES;
				GCC_WARN_64_TO_32_BIT_CONVERSION = YES;
				GCC_WARN_ABOUT_RETURN_TYPE = YES_ERROR;
				GCC_WARN_UNDECLARED_SELECTOR = YES;
				GCC_WARN_UNINITIALIZED_AUTOS = YES_AGGRESSIVE;
				GCC_WARN_UNUSED_FUNCTION = YES;
				GCC_WARN_UNUSED_VARIABLE = YES;
				IPHONEOS_DEPLOYMENT_TARGET = 16.0;
				MTL_ENABLE_DEBUG_INFO = NO;
				MTL_FAST_MATH = YES;
				SDKROOT = iphoneos;
				SWIFT_COMPILATION_MODE = wholemodule;
				SWIFT_OPTIMIZATION_LEVEL = "-O";
				VALIDATE_PRODUCT = YES;
			};
			name = Release;
		};
		B8630FC72AD34E9500C97F73 /* Debug */ = {
			isa = XCBuildConfiguration;
			buildSettings = {
				ASSETCATALOG_COMPILER_APPICON_NAME = AppIcon;
				ASSETCATALOG_COMPILER_GLOBAL_ACCENT_COLOR_NAME = AccentColor;
				CODE_SIGN_STYLE = Automatic;
				CURRENT_PROJECT_VERSION = 1;
				DEVELOPMENT_TEAM = B8D6D7FFGQ;
				GENERATE_INFOPLIST_FILE = YES;
				INFOPLIST_FILE = GorilMarket/Info.plist;
				INFOPLIST_KEY_UIApplicationSupportsIndirectInputEvents = YES;
				INFOPLIST_KEY_UILaunchStoryboardName = LaunchScreen;
				INFOPLIST_KEY_UISupportedInterfaceOrientations_iPad = "UIInterfaceOrientationPortrait UIInterfaceOrientationPortraitUpsideDown UIInterfaceOrientationLandscapeLeft UIInterfaceOrientationLandscapeRight";
				INFOPLIST_KEY_UISupportedInterfaceOrientations_iPhone = "UIInterfaceOrientationPortrait UIInterfaceOrientationLandscapeLeft UIInterfaceOrientationLandscapeRight";
				IPHONEOS_DEPLOYMENT_TARGET = 13.0;
				LD_RUNPATH_SEARCH_PATHS = (
					"$(inherited)",
					"@executable_path/Frameworks",
				);
				MARKETING_VERSION = 1.0;
				PRODUCT_BUNDLE_IDENTIFIER = com.utkucetinkaya.GorilMarket;
				PRODUCT_NAME = "$(TARGET_NAME)";
				SWIFT_EMIT_LOC_STRINGS = YES;
				SWIFT_VERSION = 5.0;
				TARGETED_DEVICE_FAMILY = "1,2";
			};
			name = Debug;
		};
		B8630FC82AD34E9500C97F73 /* Release */ = {
			isa = XCBuildConfiguration;
			buildSettings = {
				ASSETCATALOG_COMPILER_APPICON_NAME = AppIcon;
				ASSETCATALOG_COMPILER_GLOBAL_ACCENT_COLOR_NAME = AccentColor;
				CODE_SIGN_STYLE = Automatic;
				CURRENT_PROJECT_VERSION = 1;
				DEVELOPMENT_TEAM = B8D6D7FFGQ;
				GENERATE_INFOPLIST_FILE = YES;
				INFOPLIST_FILE = GorilMarket/Info.plist;
				INFOPLIST_KEY_UIApplicationSupportsIndirectInputEvents = YES;
				INFOPLIST_KEY_UILaunchStoryboardName = LaunchScreen;
				INFOPLIST_KEY_UISupportedInterfaceOrientations_iPad = "UIInterfaceOrientationPortrait UIInterfaceOrientationPortraitUpsideDown UIInterfaceOrientationLandscapeLeft UIInterfaceOrientationLandscapeRight";
				INFOPLIST_KEY_UISupportedInterfaceOrientations_iPhone = "UIInterfaceOrientationPortrait UIInterfaceOrientationLandscapeLeft UIInterfaceOrientationLandscapeRight";
				IPHONEOS_DEPLOYMENT_TARGET = 13.0;
				LD_RUNPATH_SEARCH_PATHS = (
					"$(inherited)",
					"@executable_path/Frameworks",
				);
				MARKETING_VERSION = 1.0;
				PRODUCT_BUNDLE_IDENTIFIER = com.utkucetinkaya.GorilMarket;
				PRODUCT_NAME = "$(TARGET_NAME)";
				SWIFT_EMIT_LOC_STRINGS = YES;
				SWIFT_VERSION = 5.0;
				TARGETED_DEVICE_FAMILY = "1,2";
			};
			name = Release;
		};
/* End XCBuildConfiguration section */

/* Begin XCConfigurationList section */
		B8630FAD2AD34E9300C97F73 /* Build configuration list for PBXProject "GorilMarket" */ = {
			isa = XCConfigurationList;
			buildConfigurations = (
				B8630FC42AD34E9500C97F73 /* Debug */,
				B8630FC52AD34E9500C97F73 /* Release */,
			);
			defaultConfigurationIsVisible = 0;
			defaultConfigurationName = Release;
		};
		B8630FC62AD34E9500C97F73 /* Build configuration list for PBXNativeTarget "GorilMarket" */ = {
			isa = XCConfigurationList;
			buildConfigurations = (
				B8630FC72AD34E9500C97F73 /* Debug */,
				B8630FC82AD34E9500C97F73 /* Release */,
			);
			defaultConfigurationIsVisible = 0;
			defaultConfigurationName = Release;
		};
/* End XCConfigurationList section */

/* Begin XCRemoteSwiftPackageReference section */
		B88F6B4E2ADAEA4800DD5596 /* XCRemoteSwiftPackageReference "Alamofire" */ = {
			isa = XCRemoteSwiftPackageReference;
			repositoryURL = "https://github.com/Alamofire/Alamofire.git";
			requirement = {
				kind = versionRange;
				maximumVersion = 6.0.0;
				minimumVersion = 5.0.0;
			};
		};
/* End XCRemoteSwiftPackageReference section */

/* Begin XCSwiftPackageProductDependency section */
		B88F6B4F2ADAEA4800DD5596 /* Alamofire */ = {
			isa = XCSwiftPackageProductDependency;
			package = B88F6B4E2ADAEA4800DD5596 /* XCRemoteSwiftPackageReference "Alamofire" */;
			productName = Alamofire;
		};
/* End XCSwiftPackageProductDependency section */
	};
	rootObject = B8630FAA2AD34E9300C97F73 /* Project object */;
}
